
Microsoft Visual Studio Solution File, Format Version 12.00
# Visual Studio Version 16
VisualStudioVersion = 16.0.32602.290
MinimumVisualStudioVersion = 10.0.40219.1
Project("{FAE04EC0-301F-11D3-BF4B-00C04F79EFBC}") = "Juego de preguntas", "Juego de preguntas\Juego de preguntas.csproj", "{A2FA39B1-40E9-4C0E-90DC-39805AFF41FB}"
EndProject
Global
	GlobalSection(SolutionConfigurationPlatforms) = preSolution
		Debug|Any CPU = Debug|Any CPU
		Release|Any CPU = Release|Any CPU
	EndGlobalSection
	GlobalSection(ProjectConfigurationPlatforms) = postSolution
		{A2FA39B1-40E9-4C0E-90DC-39805AFF41FB}.Debug|Any CPU.ActiveCfg = Debug|Any CPU
		{A2FA39B1-40E9-4C0E-90DC-39805AFF41FB}.Debug|Any CPU.Build.0 = Debug|Any CPU
		{A2FA39B1-40E9-4C0E-90DC-39805AFF41FB}.Release|Any CPU.ActiveCfg = Release|Any CPU
		{A2FA39B1-40E9-4C0E-90DC-39805AFF41FB}.Release|Any CPU.Build.0 = Release|Any CPU
	EndGlobalSection
	GlobalSection(SolutionProperties) = preSolution
		HideSolutionNode = FALSE
	EndGlobalSection
	GlobalSection(ExtensibilityGlobals) = postSolution
		SolutionGuid = {BC1B3BA8-167F-4BEE-8D7C-974B4EF9A439}
	EndGlobalSection
EndGlobal
